
Microsoft Visual Studio Solution File, Format Version 12.00
# Visual Studio Version 16
VisualStudioVersion = 16.0.31727.386
MinimumVisualStudioVersion = 10.0.40219.1
Project("{9A19103F-16F7-4668-BE54-9A1E7A4F7556}") = "SmokeApp", "SmokeApp\SmokeApp.csproj", "{DFEC70F1-1506-453A-89DE-E49CC6BFB406}"
EndProject
Project("{9A19103F-16F7-4668-BE54-9A1E7A4F7556}") = "SmokeAppBusinessLogic", "SmokeAppBusinessLogic\SmokeAppBusinessLogic.csproj", "{B84EDFF9-F2F1-4BD0-9E61-CA5C0B5947C5}"
EndProject
Project("{9A19103F-16F7-4668-BE54-9A1E7A4F7556}") = "SmokeAppModel", "SmokeAppModel\SmokeAppModel.csproj", "{985591ED-5E0A-4063-B547-534EF029E457}"
EndProject
Project("{9A19103F-16F7-4668-BE54-9A1E7A4F7556}") = "SmokeAppStorage", "SmokeAppStorage\SmokeAppStorage.csproj", "{D6ECAB76-7ECA-41A8-A38F-FB812BC5617B}"
EndProject
Project("{9A19103F-16F7-4668-BE54-9A1E7A4F7556}") = "SmokeAppTest", "SmokeAppTest\SmokeAppTest.csproj", "{C9345EC1-2C16-4BFC-A098-AEBF69377839}"
EndProject
Project("{E24C65DC-7377-472B-9ABA-BC803B73C61A}") = "SmokeAppAngularFE", "SmokeAppAngularFE\", "{1DB7F911-1992-4E91-9E8E-369D183E3F11}"
	ProjectSection(WebsiteProperties) = preProject
		TargetFrameworkMoniker = ".NETFramework,Version%3Dv4.0"
		Debug.AspNetCompiler.VirtualPath = "/localhost_52763"
		Debug.AspNetCompiler.PhysicalPath = "SmokeAppAngularFE\"
		Debug.AspNetCompiler.TargetPath = "PrecompiledWeb\localhost_52763\"
		Debug.AspNetCompiler.Updateable = "true"
		Debug.AspNetCompiler.ForceOverwrite = "true"
		Debug.AspNetCompiler.FixedNames = "false"
		Debug.AspNetCompiler.Debug = "True"
		Release.AspNetCompiler.VirtualPath = "/localhost_52763"
		Release.AspNetCompiler.PhysicalPath = "SmokeAppAngularFE\"
		Release.AspNetCompiler.TargetPath = "PrecompiledWeb\localhost_52763\"
		Release.AspNetCompiler.Updateable = "true"
		Release.AspNetCompiler.ForceOverwrite = "true"
		Release.AspNetCompiler.FixedNames = "false"
		Release.AspNetCompiler.Debug = "False"
		VWDPort = "52763"
		SlnRelativePath = "SmokeAppAngularFE\"
	EndProjectSection
EndProject
Global
	GlobalSection(SolutionConfigurationPlatforms) = preSolution
		Debug|Any CPU = Debug|Any CPU
		Release|Any CPU = Release|Any CPU
	EndGlobalSection
	GlobalSection(ProjectConfigurationPlatforms) = postSolution
		{DFEC70F1-1506-453A-89DE-E49CC6BFB406}.Debug|Any CPU.ActiveCfg = Debug|Any CPU
		{DFEC70F1-1506-453A-89DE-E49CC6BFB406}.Debug|Any CPU.Build.0 = Debug|Any CPU
		{DFEC70F1-1506-453A-89DE-E49CC6BFB406}.Release|Any CPU.ActiveCfg = Release|Any CPU
		{DFEC70F1-1506-453A-89DE-E49CC6BFB406}.Release|Any CPU.Build.0 = Release|Any CPU
		{B84EDFF9-F2F1-4BD0-9E61-CA5C0B5947C5}.Debug|Any CPU.ActiveCfg = Debug|Any CPU
		{B84EDFF9-F2F1-4BD0-9E61-CA5C0B5947C5}.Debug|Any CPU.Build.0 = Debug|Any CPU
		{B84EDFF9-F2F1-4BD0-9E61-CA5C0B5947C5}.Release|Any CPU.ActiveCfg = Release|Any CPU
		{B84EDFF9-F2F1-4BD0-9E61-CA5C0B5947C5}.Release|Any CPU.Build.0 = Release|Any CPU
		{985591ED-5E0A-4063-B547-534EF029E457}.Debug|Any CPU.ActiveCfg = Debug|Any CPU
		{985591ED-5E0A-4063-B547-534EF029E457}.Debug|Any CPU.Build.0 = Debug|Any CPU
		{985591ED-5E0A-4063-B547-534EF029E457}.Release|Any CPU.ActiveCfg = Release|Any CPU
		{985591ED-5E0A-4063-B547-534EF029E457}.Release|Any CPU.Build.0 = Release|Any CPU
		{D6ECAB76-7ECA-41A8-A38F-FB812BC5617B}.Debug|Any CPU.ActiveCfg = Debug|Any CPU
		{D6ECAB76-7ECA-41A8-A38F-FB812BC5617B}.Debug|Any CPU.Build.0 = Debug|Any CPU
		{D6ECAB76-7ECA-41A8-A38F-FB812BC5617B}.Release|Any CPU.ActiveCfg = Release|Any CPU
		{D6ECAB76-7ECA-41A8-A38F-FB812BC5617B}.Release|Any CPU.Build.0 = Release|Any CPU
		{C9345EC1-2C16-4BFC-A098-AEBF69377839}.Debug|Any CPU.ActiveCfg = Debug|Any CPU
		{C9345EC1-2C16-4BFC-A098-AEBF69377839}.Debug|Any CPU.Build.0 = Debug|Any CPU
		{C9345EC1-2C16-4BFC-A098-AEBF69377839}.Release|Any CPU.ActiveCfg = Release|Any CPU
		{C9345EC1-2C16-4BFC-A098-AEBF69377839}.Release|Any CPU.Build.0 = Release|Any CPU
		{1DB7F911-1992-4E91-9E8E-369D183E3F11}.Debug|Any CPU.ActiveCfg = Debug|Any CPU
		{1DB7F911-1992-4E91-9E8E-369D183E3F11}.Debug|Any CPU.Build.0 = Debug|Any CPU
		{1DB7F911-1992-4E91-9E8E-369D183E3F11}.Release|Any CPU.ActiveCfg = Debug|Any CPU
		{1DB7F911-1992-4E91-9E8E-369D183E3F11}.Release|Any CPU.Build.0 = Debug|Any CPU
	EndGlobalSection
	GlobalSection(SolutionProperties) = preSolution
		HideSolutionNode = FALSE
	EndGlobalSection
	GlobalSection(ExtensibilityGlobals) = postSolution
		SolutionGuid = {EDE24923-F4B3-411F-8BE1-BD1B5C411C2E}
	EndGlobalSection
EndGlobal
